
Microsoft Visual Studio Solution File, Format Version 12.00
# Visual Studio Version 17
VisualStudioVersion = 17.4.33213.308
MinimumVisualStudioVersion = 10.0.40219.1
Project("{FAE04EC0-301F-11D3-BF4B-00C04F79EFBC}") = "DiveInColorsWebAPIForReactModule", "DiveInColorsWebAPIForReactModule\DiveInColorsWebAPIForReactModule.csproj", "{AF995A09-037B-4CD2-BE6C-79F9C51EC882}"
EndProject
Global
	GlobalSection(SolutionConfigurationPlatforms) = preSolution
		Debug|Any CPU = Debug|Any CPU
		Release|Any CPU = Release|Any CPU
	EndGlobalSection
	GlobalSection(ProjectConfigurationPlatforms) = postSolution
		{AF995A09-037B-4CD2-BE6C-79F9C51EC882}.Debug|Any CPU.ActiveCfg = Debug|Any CPU
		{AF995A09-037B-4CD2-BE6C-79F9C51EC882}.Debug|Any CPU.Build.0 = Debug|Any CPU
		{AF995A09-037B-4CD2-BE6C-79F9C51EC882}.Release|Any CPU.ActiveCfg = Release|Any CPU
		{AF995A09-037B-4CD2-BE6C-79F9C51EC882}.Release|Any CPU.Build.0 = Release|Any CPU
	EndGlobalSection
	GlobalSection(SolutionProperties) = preSolution
		HideSolutionNode = FALSE
	EndGlobalSection
	GlobalSection(ExtensibilityGlobals) = postSolution
		SolutionGuid = {E6B274DA-FCE7-496B-B0C5-2702D0E9D78D}
	EndGlobalSection
EndGlobal
